
Microsoft Visual Studio Solution File, Format Version 12.00
# Visual Studio Version 16
VisualStudioVersion = 16.0.28803.156
MinimumVisualStudioVersion = 10.0.40219.1
Project("{FAE04EC0-301F-11D3-BF4B-00C04F79EFBC}") = "LeninTravel_API", "LeninTravel_API\LeninTravel_API.csproj", "{D27CC69A-CF02-4252-9B3E-D9304B9EE931}"
EndProject
Global
	GlobalSection(SolutionConfigurationPlatforms) = preSolution
		Debug|Any CPU = Debug|Any CPU
		Release|Any CPU = Release|Any CPU
	EndGlobalSection
	GlobalSection(ProjectConfigurationPlatforms) = postSolution
		{D27CC69A-CF02-4252-9B3E-D9304B9EE931}.Debug|Any CPU.ActiveCfg = Debug|Any CPU
		{D27CC69A-CF02-4252-9B3E-D9304B9EE931}.Debug|Any CPU.Build.0 = Debug|Any CPU
		{D27CC69A-CF02-4252-9B3E-D9304B9EE931}.Release|Any CPU.ActiveCfg = Release|Any CPU
		{D27CC69A-CF02-4252-9B3E-D9304B9EE931}.Release|Any CPU.Build.0 = Release|Any CPU
	EndGlobalSection
	GlobalSection(SolutionProperties) = preSolution
		HideSolutionNode = FALSE
	EndGlobalSection
	GlobalSection(ExtensibilityGlobals) = postSolution
		SolutionGuid = {E4C26EA5-3C09-4ADB-8352-A94E72C97473}
	EndGlobalSection
EndGlobal
